
Microsoft Visual Studio Solution File, Format Version 12.00
# Visual Studio 15
VisualStudioVersion = 15.0.28307.168
MinimumVisualStudioVersion = 10.0.40219.1
Project("{FAE04EC0-301F-11D3-BF4B-00C04F79EFBC}") = "EHR_Webapp", "EHR_Webapp\EHR_Webapp.csproj", "{733233AA-4B91-455D-8164-1A4AC4BD1BEA}"
EndProject
Global
	GlobalSection(SolutionConfigurationPlatforms) = preSolution
		Debug|Any CPU = Debug|Any CPU
		Release|Any CPU = Release|Any CPU
	EndGlobalSection
	GlobalSection(ProjectConfigurationPlatforms) = postSolution
		{733233AA-4B91-455D-8164-1A4AC4BD1BEA}.Debug|Any CPU.ActiveCfg = Debug|Any CPU
		{733233AA-4B91-455D-8164-1A4AC4BD1BEA}.Debug|Any CPU.Build.0 = Debug|Any CPU
		{733233AA-4B91-455D-8164-1A4AC4BD1BEA}.Release|Any CPU.ActiveCfg = Release|Any CPU
		{733233AA-4B91-455D-8164-1A4AC4BD1BEA}.Release|Any CPU.Build.0 = Release|Any CPU
	EndGlobalSection
	GlobalSection(SolutionProperties) = preSolution
		HideSolutionNode = FALSE
	EndGlobalSection
	GlobalSection(ExtensibilityGlobals) = postSolution
		SolutionGuid = {DBB026E4-7CAE-43F4-A909-5AAB1BCDC202}
	EndGlobalSection
EndGlobal
